
Microsoft Visual Studio Solution File, Format Version 12.00
# Visual Studio Version 18
VisualStudioVersion = 18.4.11519.219 insiders
MinimumVisualStudioVersion = 10.0.40219.1
Project("{FAE04EC0-301F-11D3-BF4B-00C04F79EFBC}") = "Bibliotekssystem.Web", "Bibliotekssystem.Web\Bibliotekssystem.Web.csproj", "{384BF4CA-066C-4608-A372-CB38A7BD9551}"
EndProject
Project("{FAE04EC0-301F-11D3-BF4B-00C04F79EFBC}") = "Bibliotekssystem", "Bibliotekssystem\Bibliotekssystem.csproj", "{01241A8F-97AA-41ED-B736-7CC52779E8FC}"
EndProject
Project("{FAE04EC0-301F-11D3-BF4B-00C04F79EFBC}") = "Biblioteksystem.Tests", "Biblioteksystem.Tests\Biblioteksystem.Tests.csproj", "{B5DF728E-6BE2-4DEC-BA40-5433D81F1201}"
EndProject
Project("{FAE04EC0-301F-11D3-BF4B-00C04F79EFBC}") = "Bibliotekssystem.Core", "Bibliotekssystem.Core\Bibliotekssystem.Core.csproj", "{1273F4D2-0969-4C8A-A345-CD88E1E6F94F}"
EndProject
Project("{FAE04EC0-301F-11D3-BF4B-00C04F79EFBC}") = "Bibliotekssystem.Data", "Bibliotekssystem.Data\Bibliotekssystem.Data.csproj", "{4781E02F-4F79-47EB-BEA4-FF9811AC2779}"
EndProject
Global
	GlobalSection(SolutionConfigurationPlatforms) = preSolution
		Debug|Any CPU = Debug|Any CPU
		Release|Any CPU = Release|Any CPU
	EndGlobalSection
	GlobalSection(ProjectConfigurationPlatforms) = postSolution
		{01241A8F-97AA-41ED-B736-7CC52779E8FC}.Debug|Any CPU.ActiveCfg = Debug|Any CPU
		{01241A8F-97AA-41ED-B736-7CC52779E8FC}.Debug|Any CPU.Build.0 = Debug|Any CPU
		{01241A8F-97AA-41ED-B736-7CC52779E8FC}.Release|Any CPU.ActiveCfg = Release|Any CPU
		{01241A8F-97AA-41ED-B736-7CC52779E8FC}.Release|Any CPU.Build.0 = Release|Any CPU
		{B5DF728E-6BE2-4DEC-BA40-5433D81F1201}.Debug|Any CPU.ActiveCfg = Debug|Any CPU
		{B5DF728E-6BE2-4DEC-BA40-5433D81F1201}.Debug|Any CPU.Build.0 = Debug|Any CPU
		{B5DF728E-6BE2-4DEC-BA40-5433D81F1201}.Release|Any CPU.ActiveCfg = Release|Any CPU
		{B5DF728E-6BE2-4DEC-BA40-5433D81F1201}.Release|Any CPU.Build.0 = Release|Any CPU
		{1273F4D2-0969-4C8A-A345-CD88E1E6F94F}.Debug|Any CPU.ActiveCfg = Debug|Any CPU
		{1273F4D2-0969-4C8A-A345-CD88E1E6F94F}.Debug|Any CPU.Build.0 = Debug|Any CPU
		{1273F4D2-0969-4C8A-A345-CD88E1E6F94F}.Release|Any CPU.ActiveCfg = Release|Any CPU
		{1273F4D2-0969-4C8A-A345-CD88E1E6F94F}.Release|Any CPU.Build.0 = Release|Any CPU
		{4781E02F-4F79-47EB-BEA4-FF9811AC2779}.Debug|Any CPU.ActiveCfg = Debug|Any CPU
		{4781E02F-4F79-47EB-BEA4-FF9811AC2779}.Debug|Any CPU.Build.0 = Debug|Any CPU
		{4781E02F-4F79-47EB-BEA4-FF9811AC2779}.Release|Any CPU.ActiveCfg = Release|Any CPU
		{4781E02F-4F79-47EB-BEA4-FF9811AC2779}.Release|Any CPU.Build.0 = Release|Any CPU
		{384BF4CA-066C-4608-A372-CB38A7BD9551}.Debug|Any CPU.ActiveCfg = Debug|Any CPU
		{384BF4CA-066C-4608-A372-CB38A7BD9551}.Debug|Any CPU.Build.0 = Debug|Any CPU
		{384BF4CA-066C-4608-A372-CB38A7BD9551}.Release|Any CPU.ActiveCfg = Release|Any CPU
		{384BF4CA-066C-4608-A372-CB38A7BD9551}.Release|Any CPU.Build.0 = Release|Any CPU
	EndGlobalSection
	GlobalSection(SolutionProperties) = preSolution
		HideSolutionNode = FALSE
	EndGlobalSection
	GlobalSection(ExtensibilityGlobals) = postSolution
		SolutionGuid = {08A67D21-AEDC-4532-BCAA-8D0876BD5086}
	EndGlobalSection
EndGlobal
